{
  "originHash" : "f01ad997c34e2ae8c6ded3f95113990ebedc9cb807fd5478a7260ff88fe5f7c8",
  "pins" : [
    {
      "identity" : "capacitor-swift-pm",
      "kind" : "remoteSourceControl",
      "location" : "https://github.com/ionic-team/capacitor-swift-pm.git",
      "state" : {
        "revision" : "1f324fe7bdbdc8c5cc28bea48a231545a8c2e823",
        "version" : "8.1.0"
      }
    },
    {
      "identity" : "stripe-ios-spm",
      "kind" : "remoteSourceControl",
      "location" : "https://github.com/stripe/stripe-ios-spm.git",
      "state" : {
        "revision" : "551b06f6f6e7e34a3acb069458184907a30884fd",
        "version" : "25.3.1"
      }
    }
  ],
  "version" : 3
}
